# Auto-generated by loft — do not edit by hand.
# Run `loft install` to update.
schema_version = 1

[[package]]
name = "graphics"
version = "0.4.2"
url = "https://github.com/loft-lang/loft-libs-graphics/releases/download/graphics-v0.4.2/graphics-0.4.2.tar.gz"
sha256 = "330edd389c46389b04fb4bae9a537ee121fa6cb5fb3e0e9f9f4b1ec0b75777be"
source = "registry"
