# Auto-generated by loft — do not edit by hand.
# Run `loft install` to update.
schema_version = 1

[[package]]
name = "graphics"
version = "0.2.0"
url = "https://github.com/loft-lang/loft-libs-graphics/releases/download/graphics-v0.2.0/graphics-0.2.0.tar.gz"
sha256 = "284cf0438e72fdba49591f6bfb48a7f5b48c0fea5522ccb3617368c38f4997fb"
source = "registry"
